
Microsoft Visual Studio Solution File, Format Version 12.00
# Visual Studio 15
VisualStudioVersion = 15.0.27130.2027
MinimumVisualStudioVersion = 10.0.40219.1
Project("{FAE04EC0-301F-11D3-BF4B-00C04F79EFBC}") = "Lab1", "LabWork1\Lab1.csproj", "{22B40C19-C713-463E-BC67-8FF2E62E575C}"
EndProject
Global
	GlobalSection(SolutionConfigurationPlatforms) = preSolution
		Debug|Any CPU = Debug|Any CPU
		Release|Any CPU = Release|Any CPU
	EndGlobalSection
	GlobalSection(ProjectConfigurationPlatforms) = postSolution
		{22B40C19-C713-463E-BC67-8FF2E62E575C}.Debug|Any CPU.ActiveCfg = Debug|Any CPU
		{22B40C19-C713-463E-BC67-8FF2E62E575C}.Debug|Any CPU.Build.0 = Debug|Any CPU
		{22B40C19-C713-463E-BC67-8FF2E62E575C}.Release|Any CPU.ActiveCfg = Release|Any CPU
		{22B40C19-C713-463E-BC67-8FF2E62E575C}.Release|Any CPU.Build.0 = Release|Any CPU
	EndGlobalSection
	GlobalSection(SolutionProperties) = preSolution
		HideSolutionNode = FALSE
	EndGlobalSection
	GlobalSection(ExtensibilityGlobals) = postSolution
		SolutionGuid = {6F887F97-4018-4459-BE80-105D290E4A6E}
	EndGlobalSection
EndGlobal
